
Microsoft Visual Studio Solution File, Format Version 12.00
# Visual Studio Version 16
VisualStudioVersion = 16.0.29102.190
MinimumVisualStudioVersion = 10.0.40219.1
Project("{9A19103F-16F7-4668-BE54-9A1E7A4F7556}") = "HW05", "HW05\HW05.csproj", "{B38EC9E6-E600-4CF7-803C-789FC5089A6C}"
EndProject
Project("{2150E333-8FDC-42A3-9474-1A3956D46DE8}") = "B", "B", "{2FC59782-3230-48FB-9A28-79ECEE7FBE45}"
EndProject
Project("{2150E333-8FDC-42A3-9474-1A3956D46DE8}") = "C", "C", "{0BA895DE-C988-47AE-A20F-CCFC930392A0}"
EndProject
Project("{9A19103F-16F7-4668-BE54-9A1E7A4F7556}") = "C1_1", "Student\C1_1.csproj", "{91A1311A-547A-41BF-A292-3D8ECBAAF0B8}"
EndProject
Project("{9A19103F-16F7-4668-BE54-9A1E7A4F7556}") = "B_1", "B_1\B_1.csproj", "{0170126B-8C7E-43D6-BD2F-CE0C2141F45B}"
EndProject
Project("{9A19103F-16F7-4668-BE54-9A1E7A4F7556}") = "C2_2", "C2_2\C2_2.csproj", "{E8922DE1-2492-43CD-8AE2-DDE2D1BB9BE1}"
EndProject
Project("{9A19103F-16F7-4668-BE54-9A1E7A4F7556}") = "C3_3", "C3_3\C3_3.csproj", "{D81E2005-D7B6-4B63-8BCE-FC0504B17D2D}"
EndProject
Project("{FAE04EC0-301F-11D3-BF4B-00C04F79EFBC}") = "C4_4", "C4_4\C4_4.csproj", "{D06E13F7-E36D-4630-83F4-F8012AD16519}"
EndProject
Project("{FAE04EC0-301F-11D3-BF4B-00C04F79EFBC}") = "C5_5", "C5_5\C5_5.csproj", "{12B59C0D-F80B-4CCD-AEE9-E65742B608F6}"
EndProject
Global
	GlobalSection(SolutionConfigurationPlatforms) = preSolution
		Debug|Any CPU = Debug|Any CPU
		Release|Any CPU = Release|Any CPU
	EndGlobalSection
	GlobalSection(ProjectConfigurationPlatforms) = postSolution
		{B38EC9E6-E600-4CF7-803C-789FC5089A6C}.Debug|Any CPU.ActiveCfg = Debug|Any CPU
		{B38EC9E6-E600-4CF7-803C-789FC5089A6C}.Debug|Any CPU.Build.0 = Debug|Any CPU
		{B38EC9E6-E600-4CF7-803C-789FC5089A6C}.Release|Any CPU.ActiveCfg = Release|Any CPU
		{B38EC9E6-E600-4CF7-803C-789FC5089A6C}.Release|Any CPU.Build.0 = Release|Any CPU
		{91A1311A-547A-41BF-A292-3D8ECBAAF0B8}.Debug|Any CPU.ActiveCfg = Debug|Any CPU
		{91A1311A-547A-41BF-A292-3D8ECBAAF0B8}.Debug|Any CPU.Build.0 = Debug|Any CPU
		{91A1311A-547A-41BF-A292-3D8ECBAAF0B8}.Release|Any CPU.ActiveCfg = Release|Any CPU
		{91A1311A-547A-41BF-A292-3D8ECBAAF0B8}.Release|Any CPU.Build.0 = Release|Any CPU
		{0170126B-8C7E-43D6-BD2F-CE0C2141F45B}.Debug|Any CPU.ActiveCfg = Debug|Any CPU
		{0170126B-8C7E-43D6-BD2F-CE0C2141F45B}.Debug|Any CPU.Build.0 = Debug|Any CPU
		{0170126B-8C7E-43D6-BD2F-CE0C2141F45B}.Release|Any CPU.ActiveCfg = Release|Any CPU
		{0170126B-8C7E-43D6-BD2F-CE0C2141F45B}.Release|Any CPU.Build.0 = Release|Any CPU
		{E8922DE1-2492-43CD-8AE2-DDE2D1BB9BE1}.Debug|Any CPU.ActiveCfg = Debug|Any CPU
		{E8922DE1-2492-43CD-8AE2-DDE2D1BB9BE1}.Debug|Any CPU.Build.0 = Debug|Any CPU
		{E8922DE1-2492-43CD-8AE2-DDE2D1BB9BE1}.Release|Any CPU.ActiveCfg = Release|Any CPU
		{E8922DE1-2492-43CD-8AE2-DDE2D1BB9BE1}.Release|Any CPU.Build.0 = Release|Any CPU
		{D81E2005-D7B6-4B63-8BCE-FC0504B17D2D}.Debug|Any CPU.ActiveCfg = Debug|Any CPU
		{D81E2005-D7B6-4B63-8BCE-FC0504B17D2D}.Debug|Any CPU.Build.0 = Debug|Any CPU
		{D81E2005-D7B6-4B63-8BCE-FC0504B17D2D}.Release|Any CPU.ActiveCfg = Release|Any CPU
		{D81E2005-D7B6-4B63-8BCE-FC0504B17D2D}.Release|Any CPU.Build.0 = Release|Any CPU
		{D06E13F7-E36D-4630-83F4-F8012AD16519}.Debug|Any CPU.ActiveCfg = Debug|Any CPU
		{D06E13F7-E36D-4630-83F4-F8012AD16519}.Debug|Any CPU.Build.0 = Debug|Any CPU
		{D06E13F7-E36D-4630-83F4-F8012AD16519}.Release|Any CPU.ActiveCfg = Release|Any CPU
		{D06E13F7-E36D-4630-83F4-F8012AD16519}.Release|Any CPU.Build.0 = Release|Any CPU
		{12B59C0D-F80B-4CCD-AEE9-E65742B608F6}.Debug|Any CPU.ActiveCfg = Debug|Any CPU
		{12B59C0D-F80B-4CCD-AEE9-E65742B608F6}.Debug|Any CPU.Build.0 = Debug|Any CPU
		{12B59C0D-F80B-4CCD-AEE9-E65742B608F6}.Release|Any CPU.ActiveCfg = Release|Any CPU
		{12B59C0D-F80B-4CCD-AEE9-E65742B608F6}.Release|Any CPU.Build.0 = Release|Any CPU
	EndGlobalSection
	GlobalSection(SolutionProperties) = preSolution
		HideSolutionNode = FALSE
	EndGlobalSection
	GlobalSection(NestedProjects) = preSolution
		{91A1311A-547A-41BF-A292-3D8ECBAAF0B8} = {0BA895DE-C988-47AE-A20F-CCFC930392A0}
		{0170126B-8C7E-43D6-BD2F-CE0C2141F45B} = {2FC59782-3230-48FB-9A28-79ECEE7FBE45}
		{E8922DE1-2492-43CD-8AE2-DDE2D1BB9BE1} = {0BA895DE-C988-47AE-A20F-CCFC930392A0}
		{D81E2005-D7B6-4B63-8BCE-FC0504B17D2D} = {0BA895DE-C988-47AE-A20F-CCFC930392A0}
		{D06E13F7-E36D-4630-83F4-F8012AD16519} = {0BA895DE-C988-47AE-A20F-CCFC930392A0}
		{12B59C0D-F80B-4CCD-AEE9-E65742B608F6} = {0BA895DE-C988-47AE-A20F-CCFC930392A0}
	EndGlobalSection
	GlobalSection(ExtensibilityGlobals) = postSolution
		SolutionGuid = {A69EABA3-93C1-4C8F-AE4B-BD8C59623B3E}
	EndGlobalSection
EndGlobal
