
Microsoft Visual Studio Solution File, Format Version 12.00
# Visual Studio Version 16
VisualStudioVersion = 16.0.29102.190
MinimumVisualStudioVersion = 10.0.40219.1
Project("{FAE04EC0-301F-11D3-BF4B-00C04F79EFBC}") = "ISAM5430_Divya.Class02", "ISAM5430_Divya.Class02\ISAM5430_Divya.Class02.csproj", "{1AE9D14D-1552-48A9-96C8-48109B12DF2B}"
EndProject
Project("{FAE04EC0-301F-11D3-BF4B-00C04F79EFBC}") = "B1", "B1\B1.csproj", "{57FA3CA6-D00D-4321-9878-3FCBFB8D60CA}"
EndProject
Project("{2150E333-8FDC-42A3-9474-1A3956D46DE8}") = "B", "B", "{A9C4BE0D-DF91-47C9-9812-F266B0C24B9B}"
EndProject
Project("{FAE04EC0-301F-11D3-BF4B-00C04F79EFBC}") = "C1", "C1\C1.csproj", "{90CA729C-3737-4225-912E-9FFA23449C66}"
EndProject
Project("{FAE04EC0-301F-11D3-BF4B-00C04F79EFBC}") = "D1", "D\D1.csproj", "{CB6AC679-1AFF-4EA8-91E6-F9C8A0E0CD46}"
EndProject
Project("{FAE04EC0-301F-11D3-BF4B-00C04F79EFBC}") = "B2", "B2\B2.csproj", "{837D52CA-D384-4109-AA7D-B1235405B3C8}"
EndProject
Project("{FAE04EC0-301F-11D3-BF4B-00C04F79EFBC}") = "B3", "B3\B3.csproj", "{707D728F-3B0E-4646-8364-B59F67056005}"
EndProject
Project("{2150E333-8FDC-42A3-9474-1A3956D46DE8}") = "C1", "C1", "{D2B68B92-958B-410A-9197-157375A19026}"
EndProject
Project("{2150E333-8FDC-42A3-9474-1A3956D46DE8}") = "D", "D", "{5D22AD6B-5282-4282-9EE6-8314A9056E9E}"
EndProject
Project("{FAE04EC0-301F-11D3-BF4B-00C04F79EFBC}") = "C2", "C2\C2.csproj", "{D484C008-4C25-41E9-A0FE-8498B2998C40}"
EndProject
Project("{FAE04EC0-301F-11D3-BF4B-00C04F79EFBC}") = "C3", "C3\C3.csproj", "{EDD392AD-59AE-4EBB-8C18-C69AC27830DE}"
EndProject
Project("{FAE04EC0-301F-11D3-BF4B-00C04F79EFBC}") = "C4", "C4\C4.csproj", "{74FB7944-AEC5-4919-A3D1-E4D7E8C1CFFF}"
EndProject
Project("{FAE04EC0-301F-11D3-BF4B-00C04F79EFBC}") = "C5", "C5\C5.csproj", "{A90A5BEB-200A-4356-9497-AFDC636F95F7}"
EndProject
Project("{FAE04EC0-301F-11D3-BF4B-00C04F79EFBC}") = "C6", "C6\C6.csproj", "{D553E2A1-DF77-4554-87FE-DF68F656677E}"
EndProject
Project("{FAE04EC0-301F-11D3-BF4B-00C04F79EFBC}") = "C7", "C7\C7.csproj", "{593263B0-5BBC-4DC9-8566-2627A0883340}"
EndProject
Project("{2150E333-8FDC-42A3-9474-1A3956D46DE8}") = "C2", "C2", "{C34B6C8D-786D-4B4D-9D60-77BDF6E52B47}"
EndProject
Project("{FAE04EC0-301F-11D3-BF4B-00C04F79EFBC}") = "C8", "C8\C8.csproj", "{A873BF54-5B4B-4C78-B55E-942C14198B65}"
EndProject
Project("{FAE04EC0-301F-11D3-BF4B-00C04F79EFBC}") = "C9", "C9\C9.csproj", "{2F48B377-BDE2-4DEE-94B9-6146E6583FED}"
EndProject
Project("{FAE04EC0-301F-11D3-BF4B-00C04F79EFBC}") = "C10", "C10\C10.csproj", "{2625F289-55CA-49A2-94C5-42CB07613341}"
EndProject
Project("{2150E333-8FDC-42A3-9474-1A3956D46DE8}") = "C3", "C3", "{AD0D8D02-A224-4D1D-B6B0-D015E253A8E8}"
EndProject
Project("{FAE04EC0-301F-11D3-BF4B-00C04F79EFBC}") = "C11", "C11\C11.csproj", "{3EF8AA90-4EA3-4A0B-A68F-FAD11A1DA196}"
EndProject
Project("{FAE04EC0-301F-11D3-BF4B-00C04F79EFBC}") = "C12", "C12\C12.csproj", "{1FFE4336-6A39-4FA4-B62C-87794B1733D1}"
EndProject
Project("{2150E333-8FDC-42A3-9474-1A3956D46DE8}") = "C4", "C4", "{75AD9E5D-B36C-4F06-8A40-C06E9918048F}"
EndProject
Project("{FAE04EC0-301F-11D3-BF4B-00C04F79EFBC}") = "C13", "C13\C13.csproj", "{6B2735A6-629A-408B-839E-8962E248F5E9}"
EndProject
Project("{2150E333-8FDC-42A3-9474-1A3956D46DE8}") = "D2", "D2", "{22C8C075-9366-4C83-9295-31F940B9BC2A}"
EndProject
Project("{FAE04EC0-301F-11D3-BF4B-00C04F79EFBC}") = "D2_8", "D2_8\D2_8.csproj", "{BB69B700-B4AC-4D0A-9E9B-D40E9D40EB4F}"
EndProject
Project("{FAE04EC0-301F-11D3-BF4B-00C04F79EFBC}") = "D2_12", "D2_12\D2_12.csproj", "{0820CDD4-1219-46C2-A1FE-21D621F1DB2E}"
EndProject
Project("{FAE04EC0-301F-11D3-BF4B-00C04F79EFBC}") = "D2_10", "D2_10\D2_10.csproj", "{6D60EFA1-06E7-4DE5-A3D9-266BDA1E3F00}"
EndProject
Project("{FAE04EC0-301F-11D3-BF4B-00C04F79EFBC}") = "D2_11", "D2_11\D2_11.csproj", "{1FBD535C-5792-4FB7-A77D-94850840AA03}"
EndProject
Global
	GlobalSection(SolutionConfigurationPlatforms) = preSolution
		Debug|Any CPU = Debug|Any CPU
		Release|Any CPU = Release|Any CPU
	EndGlobalSection
	GlobalSection(ProjectConfigurationPlatforms) = postSolution
		{1AE9D14D-1552-48A9-96C8-48109B12DF2B}.Debug|Any CPU.ActiveCfg = Debug|Any CPU
		{1AE9D14D-1552-48A9-96C8-48109B12DF2B}.Debug|Any CPU.Build.0 = Debug|Any CPU
		{1AE9D14D-1552-48A9-96C8-48109B12DF2B}.Release|Any CPU.ActiveCfg = Release|Any CPU
		{1AE9D14D-1552-48A9-96C8-48109B12DF2B}.Release|Any CPU.Build.0 = Release|Any CPU
		{57FA3CA6-D00D-4321-9878-3FCBFB8D60CA}.Debug|Any CPU.ActiveCfg = Debug|Any CPU
		{57FA3CA6-D00D-4321-9878-3FCBFB8D60CA}.Debug|Any CPU.Build.0 = Debug|Any CPU
		{57FA3CA6-D00D-4321-9878-3FCBFB8D60CA}.Release|Any CPU.ActiveCfg = Release|Any CPU
		{57FA3CA6-D00D-4321-9878-3FCBFB8D60CA}.Release|Any CPU.Build.0 = Release|Any CPU
		{90CA729C-3737-4225-912E-9FFA23449C66}.Debug|Any CPU.ActiveCfg = Debug|Any CPU
		{90CA729C-3737-4225-912E-9FFA23449C66}.Debug|Any CPU.Build.0 = Debug|Any CPU
		{90CA729C-3737-4225-912E-9FFA23449C66}.Release|Any CPU.ActiveCfg = Release|Any CPU
		{90CA729C-3737-4225-912E-9FFA23449C66}.Release|Any CPU.Build.0 = Release|Any CPU
		{CB6AC679-1AFF-4EA8-91E6-F9C8A0E0CD46}.Debug|Any CPU.ActiveCfg = Debug|Any CPU
		{CB6AC679-1AFF-4EA8-91E6-F9C8A0E0CD46}.Debug|Any CPU.Build.0 = Debug|Any CPU
		{CB6AC679-1AFF-4EA8-91E6-F9C8A0E0CD46}.Release|Any CPU.ActiveCfg = Release|Any CPU
		{CB6AC679-1AFF-4EA8-91E6-F9C8A0E0CD46}.Release|Any CPU.Build.0 = Release|Any CPU
		{837D52CA-D384-4109-AA7D-B1235405B3C8}.Debug|Any CPU.ActiveCfg = Debug|Any CPU
		{837D52CA-D384-4109-AA7D-B1235405B3C8}.Debug|Any CPU.Build.0 = Debug|Any CPU
		{837D52CA-D384-4109-AA7D-B1235405B3C8}.Release|Any CPU.ActiveCfg = Release|Any CPU
		{837D52CA-D384-4109-AA7D-B1235405B3C8}.Release|Any CPU.Build.0 = Release|Any CPU
		{707D728F-3B0E-4646-8364-B59F67056005}.Debug|Any CPU.ActiveCfg = Debug|Any CPU
		{707D728F-3B0E-4646-8364-B59F67056005}.Debug|Any CPU.Build.0 = Debug|Any CPU
		{707D728F-3B0E-4646-8364-B59F67056005}.Release|Any CPU.ActiveCfg = Release|Any CPU
		{707D728F-3B0E-4646-8364-B59F67056005}.Release|Any CPU.Build.0 = Release|Any CPU
		{D484C008-4C25-41E9-A0FE-8498B2998C40}.Debug|Any CPU.ActiveCfg = Debug|Any CPU
		{D484C008-4C25-41E9-A0FE-8498B2998C40}.Debug|Any CPU.Build.0 = Debug|Any CPU
		{D484C008-4C25-41E9-A0FE-8498B2998C40}.Release|Any CPU.ActiveCfg = Release|Any CPU
		{D484C008-4C25-41E9-A0FE-8498B2998C40}.Release|Any CPU.Build.0 = Release|Any CPU
		{EDD392AD-59AE-4EBB-8C18-C69AC27830DE}.Debug|Any CPU.ActiveCfg = Debug|Any CPU
		{EDD392AD-59AE-4EBB-8C18-C69AC27830DE}.Debug|Any CPU.Build.0 = Debug|Any CPU
		{EDD392AD-59AE-4EBB-8C18-C69AC27830DE}.Release|Any CPU.ActiveCfg = Release|Any CPU
		{EDD392AD-59AE-4EBB-8C18-C69AC27830DE}.Release|Any CPU.Build.0 = Release|Any CPU
		{74FB7944-AEC5-4919-A3D1-E4D7E8C1CFFF}.Debug|Any CPU.ActiveCfg = Debug|Any CPU
		{74FB7944-AEC5-4919-A3D1-E4D7E8C1CFFF}.Debug|Any CPU.Build.0 = Debug|Any CPU
		{74FB7944-AEC5-4919-A3D1-E4D7E8C1CFFF}.Release|Any CPU.ActiveCfg = Release|Any CPU
		{74FB7944-AEC5-4919-A3D1-E4D7E8C1CFFF}.Release|Any CPU.Build.0 = Release|Any CPU
		{A90A5BEB-200A-4356-9497-AFDC636F95F7}.Debug|Any CPU.ActiveCfg = Debug|Any CPU
		{A90A5BEB-200A-4356-9497-AFDC636F95F7}.Debug|Any CPU.Build.0 = Debug|Any CPU
		{A90A5BEB-200A-4356-9497-AFDC636F95F7}.Release|Any CPU.ActiveCfg = Release|Any CPU
		{A90A5BEB-200A-4356-9497-AFDC636F95F7}.Release|Any CPU.Build.0 = Release|Any CPU
		{D553E2A1-DF77-4554-87FE-DF68F656677E}.Debug|Any CPU.ActiveCfg = Debug|Any CPU
		{D553E2A1-DF77-4554-87FE-DF68F656677E}.Debug|Any CPU.Build.0 = Debug|Any CPU
		{D553E2A1-DF77-4554-87FE-DF68F656677E}.Release|Any CPU.ActiveCfg = Release|Any CPU
		{D553E2A1-DF77-4554-87FE-DF68F656677E}.Release|Any CPU.Build.0 = Release|Any CPU
		{593263B0-5BBC-4DC9-8566-2627A0883340}.Debug|Any CPU.ActiveCfg = Debug|Any CPU
		{593263B0-5BBC-4DC9-8566-2627A0883340}.Debug|Any CPU.Build.0 = Debug|Any CPU
		{593263B0-5BBC-4DC9-8566-2627A0883340}.Release|Any CPU.ActiveCfg = Release|Any CPU
		{593263B0-5BBC-4DC9-8566-2627A0883340}.Release|Any CPU.Build.0 = Release|Any CPU
		{A873BF54-5B4B-4C78-B55E-942C14198B65}.Debug|Any CPU.ActiveCfg = Debug|Any CPU
		{A873BF54-5B4B-4C78-B55E-942C14198B65}.Debug|Any CPU.Build.0 = Debug|Any CPU
		{A873BF54-5B4B-4C78-B55E-942C14198B65}.Release|Any CPU.ActiveCfg = Release|Any CPU
		{A873BF54-5B4B-4C78-B55E-942C14198B65}.Release|Any CPU.Build.0 = Release|Any CPU
		{2F48B377-BDE2-4DEE-94B9-6146E6583FED}.Debug|Any CPU.ActiveCfg = Debug|Any CPU
		{2F48B377-BDE2-4DEE-94B9-6146E6583FED}.Debug|Any CPU.Build.0 = Debug|Any CPU
		{2F48B377-BDE2-4DEE-94B9-6146E6583FED}.Release|Any CPU.ActiveCfg = Release|Any CPU
		{2F48B377-BDE2-4DEE-94B9-6146E6583FED}.Release|Any CPU.Build.0 = Release|Any CPU
		{2625F289-55CA-49A2-94C5-42CB07613341}.Debug|Any CPU.ActiveCfg = Debug|Any CPU
		{2625F289-55CA-49A2-94C5-42CB07613341}.Debug|Any CPU.Build.0 = Debug|Any CPU
		{2625F289-55CA-49A2-94C5-42CB07613341}.Release|Any CPU.ActiveCfg = Release|Any CPU
		{2625F289-55CA-49A2-94C5-42CB07613341}.Release|Any CPU.Build.0 = Release|Any CPU
		{3EF8AA90-4EA3-4A0B-A68F-FAD11A1DA196}.Debug|Any CPU.ActiveCfg = Debug|Any CPU
		{3EF8AA90-4EA3-4A0B-A68F-FAD11A1DA196}.Debug|Any CPU.Build.0 = Debug|Any CPU
		{3EF8AA90-4EA3-4A0B-A68F-FAD11A1DA196}.Release|Any CPU.ActiveCfg = Release|Any CPU
		{3EF8AA90-4EA3-4A0B-A68F-FAD11A1DA196}.Release|Any CPU.Build.0 = Release|Any CPU
		{1FFE4336-6A39-4FA4-B62C-87794B1733D1}.Debug|Any CPU.ActiveCfg = Debug|Any CPU
		{1FFE4336-6A39-4FA4-B62C-87794B1733D1}.Debug|Any CPU.Build.0 = Debug|Any CPU
		{1FFE4336-6A39-4FA4-B62C-87794B1733D1}.Release|Any CPU.ActiveCfg = Release|Any CPU
		{1FFE4336-6A39-4FA4-B62C-87794B1733D1}.Release|Any CPU.Build.0 = Release|Any CPU
		{6B2735A6-629A-408B-839E-8962E248F5E9}.Debug|Any CPU.ActiveCfg = Debug|Any CPU
		{6B2735A6-629A-408B-839E-8962E248F5E9}.Debug|Any CPU.Build.0 = Debug|Any CPU
		{6B2735A6-629A-408B-839E-8962E248F5E9}.Release|Any CPU.ActiveCfg = Release|Any CPU
		{6B2735A6-629A-408B-839E-8962E248F5E9}.Release|Any CPU.Build.0 = Release|Any CPU
		{BB69B700-B4AC-4D0A-9E9B-D40E9D40EB4F}.Debug|Any CPU.ActiveCfg = Debug|Any CPU
		{BB69B700-B4AC-4D0A-9E9B-D40E9D40EB4F}.Debug|Any CPU.Build.0 = Debug|Any CPU
		{BB69B700-B4AC-4D0A-9E9B-D40E9D40EB4F}.Release|Any CPU.ActiveCfg = Release|Any CPU
		{BB69B700-B4AC-4D0A-9E9B-D40E9D40EB4F}.Release|Any CPU.Build.0 = Release|Any CPU
		{0820CDD4-1219-46C2-A1FE-21D621F1DB2E}.Debug|Any CPU.ActiveCfg = Debug|Any CPU
		{0820CDD4-1219-46C2-A1FE-21D621F1DB2E}.Debug|Any CPU.Build.0 = Debug|Any CPU
		{0820CDD4-1219-46C2-A1FE-21D621F1DB2E}.Release|Any CPU.ActiveCfg = Release|Any CPU
		{0820CDD4-1219-46C2-A1FE-21D621F1DB2E}.Release|Any CPU.Build.0 = Release|Any CPU
		{6D60EFA1-06E7-4DE5-A3D9-266BDA1E3F00}.Debug|Any CPU.ActiveCfg = Debug|Any CPU
		{6D60EFA1-06E7-4DE5-A3D9-266BDA1E3F00}.Debug|Any CPU.Build.0 = Debug|Any CPU
		{6D60EFA1-06E7-4DE5-A3D9-266BDA1E3F00}.Release|Any CPU.ActiveCfg = Release|Any CPU
		{6D60EFA1-06E7-4DE5-A3D9-266BDA1E3F00}.Release|Any CPU.Build.0 = Release|Any CPU
		{1FBD535C-5792-4FB7-A77D-94850840AA03}.Debug|Any CPU.ActiveCfg = Debug|Any CPU
		{1FBD535C-5792-4FB7-A77D-94850840AA03}.Debug|Any CPU.Build.0 = Debug|Any CPU
		{1FBD535C-5792-4FB7-A77D-94850840AA03}.Release|Any CPU.ActiveCfg = Release|Any CPU
		{1FBD535C-5792-4FB7-A77D-94850840AA03}.Release|Any CPU.Build.0 = Release|Any CPU
	EndGlobalSection
	GlobalSection(SolutionProperties) = preSolution
		HideSolutionNode = FALSE
	EndGlobalSection
	GlobalSection(NestedProjects) = preSolution
		{57FA3CA6-D00D-4321-9878-3FCBFB8D60CA} = {A9C4BE0D-DF91-47C9-9812-F266B0C24B9B}
		{90CA729C-3737-4225-912E-9FFA23449C66} = {D2B68B92-958B-410A-9197-157375A19026}
		{CB6AC679-1AFF-4EA8-91E6-F9C8A0E0CD46} = {5D22AD6B-5282-4282-9EE6-8314A9056E9E}
		{837D52CA-D384-4109-AA7D-B1235405B3C8} = {A9C4BE0D-DF91-47C9-9812-F266B0C24B9B}
		{707D728F-3B0E-4646-8364-B59F67056005} = {A9C4BE0D-DF91-47C9-9812-F266B0C24B9B}
		{D484C008-4C25-41E9-A0FE-8498B2998C40} = {D2B68B92-958B-410A-9197-157375A19026}
		{EDD392AD-59AE-4EBB-8C18-C69AC27830DE} = {D2B68B92-958B-410A-9197-157375A19026}
		{74FB7944-AEC5-4919-A3D1-E4D7E8C1CFFF} = {D2B68B92-958B-410A-9197-157375A19026}
		{A90A5BEB-200A-4356-9497-AFDC636F95F7} = {D2B68B92-958B-410A-9197-157375A19026}
		{D553E2A1-DF77-4554-87FE-DF68F656677E} = {D2B68B92-958B-410A-9197-157375A19026}
		{593263B0-5BBC-4DC9-8566-2627A0883340} = {D2B68B92-958B-410A-9197-157375A19026}
		{A873BF54-5B4B-4C78-B55E-942C14198B65} = {C34B6C8D-786D-4B4D-9D60-77BDF6E52B47}
		{2F48B377-BDE2-4DEE-94B9-6146E6583FED} = {C34B6C8D-786D-4B4D-9D60-77BDF6E52B47}
		{2625F289-55CA-49A2-94C5-42CB07613341} = {C34B6C8D-786D-4B4D-9D60-77BDF6E52B47}
		{3EF8AA90-4EA3-4A0B-A68F-FAD11A1DA196} = {AD0D8D02-A224-4D1D-B6B0-D015E253A8E8}
		{1FFE4336-6A39-4FA4-B62C-87794B1733D1} = {AD0D8D02-A224-4D1D-B6B0-D015E253A8E8}
		{6B2735A6-629A-408B-839E-8962E248F5E9} = {75AD9E5D-B36C-4F06-8A40-C06E9918048F}
		{22C8C075-9366-4C83-9295-31F940B9BC2A} = {5D22AD6B-5282-4282-9EE6-8314A9056E9E}
		{BB69B700-B4AC-4D0A-9E9B-D40E9D40EB4F} = {22C8C075-9366-4C83-9295-31F940B9BC2A}
		{0820CDD4-1219-46C2-A1FE-21D621F1DB2E} = {22C8C075-9366-4C83-9295-31F940B9BC2A}
		{6D60EFA1-06E7-4DE5-A3D9-266BDA1E3F00} = {22C8C075-9366-4C83-9295-31F940B9BC2A}
		{1FBD535C-5792-4FB7-A77D-94850840AA03} = {22C8C075-9366-4C83-9295-31F940B9BC2A}
	EndGlobalSection
	GlobalSection(ExtensibilityGlobals) = postSolution
		SolutionGuid = {A0B94E97-5847-4CA8-AD8A-5F75C062B357}
	EndGlobalSection
EndGlobal
